
Microsoft Visual Studio Solution File, Format Version 12.00
# Visual Studio 2012
Project("{FAE04EC0-301F-11D3-BF4B-00C04F79EFBC}") = "AngularTutorial", "AngularTutorial\AngularTutorial.csproj", "{C1E550F5-36B6-42C9-875B-B70619DA055B}"
EndProject
Global
	GlobalSection(SolutionConfigurationPlatforms) = preSolution
		Debug|Any CPU = Debug|Any CPU
		Release|Any CPU = Release|Any CPU
	EndGlobalSection
	GlobalSection(ProjectConfigurationPlatforms) = postSolution
		{C1E550F5-36B6-42C9-875B-B70619DA055B}.Debug|Any CPU.ActiveCfg = Debug|Any CPU
		{C1E550F5-36B6-42C9-875B-B70619DA055B}.Debug|Any CPU.Build.0 = Debug|Any CPU
		{C1E550F5-36B6-42C9-875B-B70619DA055B}.Release|Any CPU.ActiveCfg = Release|Any CPU
		{C1E550F5-36B6-42C9-875B-B70619DA055B}.Release|Any CPU.Build.0 = Release|Any CPU
	EndGlobalSection
	GlobalSection(SolutionProperties) = preSolution
		HideSolutionNode = FALSE
	EndGlobalSection
EndGlobal
